<Solution>
  <Folder Name="/external/">
    <Project Path="external/ApkReader/ApkReader/ApkReader.csproj" />
  </Folder>
  <Folder Name="/src/">
    <Project Path="src/EcoFlow.Mqtt.Api/EcoFlow.Mqtt.Api.csproj" />
    <Project Path="src/EcoFlow.Proto.Exporter/EcoFlow.Proto.Exporter.csproj" />
  </Folder>
</Solution>
